
Microsoft Visual Studio Solution File, Format Version 12.00
# Visual Studio Version 16
VisualStudioVersion = 16.0.29613.14
MinimumVisualStudioVersion = 10.0.40219.1
Project("{FAE04EC0-301F-11D3-BF4B-00C04F79EFBC}") = "拉力机", "拉力机.csproj", "{A75B3436-A6EF-4EEA-8BEA-479F4C1C722D}"
EndProject
Global
	GlobalSection(SolutionConfigurationPlatforms) = preSolution
		Debug|Any CPU = Debug|Any CPU
		Release|Any CPU = Release|Any CPU
	EndGlobalSection
	GlobalSection(ProjectConfigurationPlatforms) = postSolution
		{A75B3436-A6EF-4EEA-8BEA-479F4C1C722D}.Debug|Any CPU.ActiveCfg = Debug|Any CPU
		{A75B3436-A6EF-4EEA-8BEA-479F4C1C722D}.Debug|Any CPU.Build.0 = Debug|Any CPU
		{A75B3436-A6EF-4EEA-8BEA-479F4C1C722D}.Release|Any CPU.ActiveCfg = Release|Any CPU
		{A75B3436-A6EF-4EEA-8BEA-479F4C1C722D}.Release|Any CPU.Build.0 = Release|Any CPU
	EndGlobalSection
	GlobalSection(SolutionProperties) = preSolution
		HideSolutionNode = FALSE
	EndGlobalSection
	GlobalSection(ExtensibilityGlobals) = postSolution
		SolutionGuid = {945B01C5-F610-4766-B605-12294BE65122}
	EndGlobalSection
EndGlobal
